
Microsoft Visual Studio Solution File, Format Version 12.00
Project("{FAE04EC0-301F-11D3-BF4B-00C04F79EFBC}") = "Yandex.Music.Api", "Yandex.Music.Api\Yandex.Music.Api.csproj", "{1D367F66-175A-46D8-80E5-DA1272ACA1B4}"
EndProject
Project("{FAE04EC0-301F-11D3-BF4B-00C04F79EFBC}") = "Yandex.Music.Api.Tests", "Yandex.Music.Api.Tests\Yandex.Music.Api.Tests.csproj", "{2508C0DA-86D2-4D61-8F15-EE69D4085682}"
EndProject
Project("{FAE04EC0-301F-11D3-BF4B-00C04F79EFBC}") = "Yandex.Music.Client", "Yandex.Music.Client\Yandex.Music.Client.csproj", "{EF3C7144-F783-43CE-BDBE-1879B978CE93}"
EndProject
Global
	GlobalSection(SolutionConfigurationPlatforms) = preSolution
		Debug|Any CPU = Debug|Any CPU
		Release|Any CPU = Release|Any CPU
	EndGlobalSection
	GlobalSection(ProjectConfigurationPlatforms) = postSolution
		{1D367F66-175A-46D8-80E5-DA1272ACA1B4}.Debug|Any CPU.ActiveCfg = Debug|Any CPU
		{1D367F66-175A-46D8-80E5-DA1272ACA1B4}.Debug|Any CPU.Build.0 = Debug|Any CPU
		{1D367F66-175A-46D8-80E5-DA1272ACA1B4}.Release|Any CPU.ActiveCfg = Release|Any CPU
		{1D367F66-175A-46D8-80E5-DA1272ACA1B4}.Release|Any CPU.Build.0 = Release|Any CPU
		{2508C0DA-86D2-4D61-8F15-EE69D4085682}.Debug|Any CPU.ActiveCfg = Debug|Any CPU
		{2508C0DA-86D2-4D61-8F15-EE69D4085682}.Debug|Any CPU.Build.0 = Debug|Any CPU
		{2508C0DA-86D2-4D61-8F15-EE69D4085682}.Release|Any CPU.ActiveCfg = Release|Any CPU
		{2508C0DA-86D2-4D61-8F15-EE69D4085682}.Release|Any CPU.Build.0 = Release|Any CPU
		{EF3C7144-F783-43CE-BDBE-1879B978CE93}.Debug|Any CPU.ActiveCfg = Debug|Any CPU
		{EF3C7144-F783-43CE-BDBE-1879B978CE93}.Debug|Any CPU.Build.0 = Debug|Any CPU
		{EF3C7144-F783-43CE-BDBE-1879B978CE93}.Release|Any CPU.ActiveCfg = Release|Any CPU
		{EF3C7144-F783-43CE-BDBE-1879B978CE93}.Release|Any CPU.Build.0 = Release|Any CPU
	EndGlobalSection
EndGlobal
